// !$*UTF8*$!
{
	archiveVersion = 1;
	classes = {
	};
	objectVersion = 46;
	objects = {

/* Begin PBXBuildFile section */
		6202F7141C9AEA6A00ACC012 /* AppDelegate.swift in Sources */ = {isa = PBXBuildFile; fileRef = 6202F7131C9AEA6A00ACC012 /* AppDelegate.swift */; };
		6202F7161C9AEA6A00ACC012 /* ViewController.swift in Sources */ = {isa = PBXBuildFile; fileRef = 6202F7151C9AEA6A00ACC012 /* ViewController.swift */; };
		6202F7191C9AEA6A00ACC012 /* Main.storyboard in Resources */ = {isa = PBXBuildFile; fileRef = 6202F7171C9AEA6A00ACC012 /* Main.storyboard */; };
		6202F71B1C9AEA6A00ACC012 /* Assets.xcassets in Resources */ = {isa = PBXBuildFile; fileRef = 6202F71A1C9AEA6A00ACC012 /* Assets.xcassets */; };
		6202F71E1C9AEA6A00ACC012 /* LaunchScreen.storyboard in Resources */ = {isa = PBXBuildFile; fileRef = 6202F71C1C9AEA6A00ACC012 /* LaunchScreen.storyboard */; };
		6202F7261C9AED6700ACC012 /* 15730-NQG0EQ.jpg in Resources */ = {isa = PBXBuildFile; fileRef = 6202F7251C9AED6700ACC012 /* 15730-NQG0EQ.jpg */; };
/* End PBXBuildFile section */

/* Begin PBXFileReference section */
		6202F7101C9AEA6A00ACC012 /* SuperCool.app */ = {isa = PBXFileReference; explicitFileType = wrapper.application; includeInIndex = 0; path = SuperCool.app; sourceTree = BUILT_PRODUCTS_DIR; };
		6202F7131C9AEA6A00ACC012 /* AppDelegate.swift */ = {isa = PBXFileReference; lastKnownFileType = sourcecode.swift; path = AppDelegate.swift; sourceTree = "<group>"; };
		6202F7151C9AEA6A00ACC012 /* ViewController.swift */ = {isa = PBXFileReference; lastKnownFileType = sourcecode.swift; path = ViewController.swift; sourceTree = "<group>"; };
		6202F7181C9AEA6A00ACC012 /* Base */ = {isa = PBXFileReference; lastKnownFileType = file.storyboard; name = Base; path = Base.lproj/Main.storyboard; sourceTree = "<group>"; };
		6202F71A1C9AEA6A00ACC012 /* Assets.xcassets */ = {isa = PBXFileReference; lastKnownFileType = folder.assetcatalog; path = Assets.xcassets; sourceTree = "<group>"; };
		6202F71D1C9AEA6A00ACC012 /* Base */ = {isa = PBXFileReference; lastKnownFileType = file.storyboard; name = Base; path = Base.lproj/LaunchScreen.storyboard; sourceTree = "<group>"; };
		6202F71F1C9AEA6A00ACC012 /* Info.plist */ = {isa = PBXFileReference; lastKnownFileType = text.plist.xml; path = Info.plist; sourceTree = "<group>"; };
		6202F7251C9AED6700ACC012 /* 15730-NQG0EQ.jpg */ = {isa = PBXFileReference; lastKnownFileType = image.jpeg; path = "15730-NQG0EQ.jpg"; sourceTree = "<group>"; };
/* End PBXFileReference section */

/* Begin PBXFrameworksBuildPhase section */
		6202F70D1C9AEA6A00ACC012 /* Frameworks */ = {
			isa = PBXFrameworksBuildPhase;
			buildActionMask = 2147483647;
			files = (
			);
			runOnlyForDeploymentPostprocessing = 0;
		};
/* End PBXFrameworksBuildPhase section */

/* Begin PBXGroup section */
		6202F7071C9AEA6A00ACC012 = {
			isa = PBXGroup;
			children = (
				6202F7121C9AEA6A00ACC012 /* SuperCool */,
				6202F7111C9AEA6A00ACC012 /* Products */,
			);
			sourceTree = "<group>";
		};
		6202F7111C9AEA6A00ACC012 /* Products */ = {
			isa = PBXGroup;
			children = (
				6202F7101C9AEA6A00ACC012 /* SuperCool.app */,
			);
			name = Products;
			sourceTree = "<group>";
		};
		6202F7121C9AEA6A00ACC012 /* SuperCool */ = {
			isa = PBXGroup;
			children = (
				6202F7131C9AEA6A00ACC012 /* AppDelegate.swift */,
				6202F7151C9AEA6A00ACC012 /* ViewController.swift */,
				6202F7171C9AEA6A00ACC012 /* Main.storyboard */,
				6202F7251C9AED6700ACC012 /* 15730-NQG0EQ.jpg */,
				6202F71A1C9AEA6A00ACC012 /* Assets.xcassets */,
				6202F71C1C9AEA6A00ACC012 /* LaunchScreen.storyboard */,
				6202F71F1C9AEA6A00ACC012 /* Info.plist */,
			);
			path = SuperCool;
			sourceTree = "<group>";
		};
/* End PBXGroup section */

/* Begin PBXNativeTarget section */
		6202F70F1C9AEA6A00ACC012 /* SuperCool */ = {
			isa = PBXNativeTarget;
			buildConfigurationList = 6202F7221C9AEA6A00ACC012 /* Build configuration list for PBXNativeTarget "SuperCool" */;
			buildPhases = (
				6202F70C1C9AEA6A00ACC012 /* Sources */,
				6202F70D1C9AEA6A00ACC012 /* Frameworks */,
				6202F70E1C9AEA6A00ACC012 /* Resources */,
			);
			buildRules = (
			);
			dependencies = (
			);
			name = SuperCool;
			productName = SuperCool;
			productReference = 6202F7101C9AEA6A00ACC012 /* SuperCool.app */;
			productType = "com.apple.product-type.application";
		};
/* End PBXNativeTarget section */

/* Begin PBXProject section */
		6202F7081C9AEA6A00ACC012 /* Project object */ = {
			isa = PBXProject;
			attributes = {
				LastUpgradeCheck = 0710;
				ORGANIZATIONNAME = "Eirik Bo Eidsvig";
				TargetAttributes = {
					6202F70F1C9AEA6A00ACC012 = {
						CreatedOnToolsVersion = 7.1;
						DevelopmentTeam = NCX5HWV38K;
					};
				};
			};
			buildConfigurationList = 6202F70B1C9AEA6A00ACC012 /* Build configuration list for PBXProject "SuperCool" */;
			compatibilityVersion = "Xcode 3.2";
			developmentRegion = English;
			hasScannedForEncodings = 0;
			knownRegions = (
				en,
				Base,
			);
			mainGroup = 6202F7071C9AEA6A00ACC012;
			productRefGroup = 6202F7111C9AEA6A00ACC012 /* Products */;
			projectDirPath = "";
			projectRoot = "";
			targets = (
				6202F70F1C9AEA6A00ACC012 /* SuperCool */,
			);
		};
/* End PBXProject section */

/* Begin PBXResourcesBuildPhase section */
		6202F70E1C9AEA6A00ACC012 /* Resources */ = {
			isa = PBXResourcesBuildPhase;
			buildActionMask = 2147483647;
			files = (
				6202F7261C9AED6700ACC012 /* 15730-NQG0EQ.jpg in Resources */,
				6202F71E1C9AEA6A00ACC012 /* LaunchScreen.storyboard in Resources */,
				6202F71B1C9AEA6A00ACC012 /* Assets.xcassets in Resources */,
				6202F7191C9AEA6A00ACC012 /* Main.storyboard in Resources */,
			);
			runOnlyForDeploymentPostprocessing = 0;
		};
/* End PBXResourcesBuildPhase section */

/* Begin PBXSourcesBuildPhase section */
		6202F70C1C9AEA6A00ACC012 /* Sources */ = {
			isa = PBXSourcesBuildPhase;
			buildActionMask = 2147483647;
			files = (
				6202F7161C9AEA6A00ACC012 /* ViewController.swift in Sources */,
				6202F7141C9AEA6A00ACC012 /* AppDelegate.swift in Sources */,
			);
			runOnlyForDeploymentPostprocessing = 0;
		};
/* End PBXSourcesBuildPhase section */

/* Begin PBXVariantGroup section */
		6202F7171C9AEA6A00ACC012 /* Main.storyboard */ = {
			isa = PBXVariantGroup;
			children = (
				6202F7181C9AEA6A00ACC012 /* Base */,
			);
			name = Main.storyboard;
			sourceTree = "<group>";
		};
		6202F71C1C9AEA6A00ACC012 /* LaunchScreen.storyboard */ = {
			isa = PBXVariantGroup;
			children = (
				6202F71D1C9AEA6A00ACC012 /* Base */,
			);
			name = LaunchScreen.storyboard;
			sourceTree = "<group>";
		};
/* End PBXVariantGroup section */

/* Begin XCBuildConfiguration section */
		6202F7201C9AEA6A00ACC012 /* Debug */ = {
			isa = XCBuildConfiguration;
			buildSettings = {
				ALWAYS_SEARCH_USER_PATHS = NO;
				CLANG_CXX_LANGUAGE_STANDARD = "gnu++0x";
				CLANG_CXX_LIBRARY = "libc++";
				CLANG_ENABLE_MODULES = YES;
				CLANG_ENABLE_OBJC_ARC = YES;
				CLANG_WARN_BOOL_CONVERSION = YES;
				CLANG_WARN_CONSTANT_CONVERSION = YES;
				CLANG_WARN_DIRECT_OBJC_ISA_USAGE = YES_ERROR;
				CLANG_WARN_EMPTY_BODY = YES;
				CLANG_WARN_ENUM_CONVERSION = YES;
				CLANG_WARN_INT_CONVERSION = YES;
				CLANG_WARN_OBJC_ROOT_CLASS = YES_ERROR;
				CLANG_WARN_UNREACHABLE_CODE = YES;
				CLANG_WARN__DUPLICATE_METHOD_MATCH = YES;
				"CODE_SIGN_IDENTITY[sdk=iphoneos*]" = "iPhone Developer";
				COPY_PHASE_STRIP = NO;
				DEBUG_INFORMATION_FORMAT = dwarf;
				ENABLE_STRICT_OBJC_MSGSEND = YES;
				ENABLE_TESTABILITY = YES;
				GCC_C_LANGUAGE_STANDARD = gnu99;
				GCC_DYNAMIC_NO_PIC = NO;
				GCC_NO_COMMON_BLOCKS = YES;
				GCC_OPTIMIZATION_LEVEL = 0;
				GCC_PREPROCESSOR_DEFINITIONS = (
					"DEBUG=1",
					"$(inherited)",
				);
				GCC_WARN_64_TO_32_BIT_CONVERSION = YES;
				GCC_WARN_ABOUT_RETURN_TYPE = YES_ERROR;
				GCC_WARN_UNDECLARED_SELECTOR = YES;
				GCC_WARN_UNINITIALIZED_AUTOS = YES_AGGRESSIVE;
				GCC_WARN_UNUSED_FUNCTION = YES;
				GCC_WARN_UNUSED_VARIABLE = YES;
				IPHONEOS_DEPLOYMENT_TARGET = 9.1;
				MTL_ENABLE_DEBUG_INFO = YES;
				ONLY_ACTIVE_ARCH = YES;
				SDKROOT = iphoneos;
				SWIFT_OPTIMIZATION_LEVEL = "-Onone";
				TARGETED_DEVICE_FAMILY = "1,2";
			};
			name = Debug;
		};
		6202F7211C9AEA6A00ACC012 /* Release */ = {
			isa = XCBuildConfiguration;
			buildSettings = {
				ALWAYS_SEARCH_USER_PATHS = NO;
				CLANG_CXX_LANGUAGE_STANDARD = "gnu++0x";
				CLANG_CXX_LIBRARY = "libc++";
				CLANG_ENABLE_MODULES = YES;
				CLANG_ENABLE_OBJC_ARC = YES;
				CLANG_WARN_BOOL_CONVERSION = YES;
				CLANG_WARN_CONSTANT_CONVERSION = YES;
				CLANG_WARN_DIRECT_OBJC_ISA_USAGE = YES_ERROR;
				CLANG_WARN_EMPTY_BODY = YES;
				CLANG_WARN_ENUM_CONVERSION = YES;
				CLANG_WARN_INT_CONVERSION = YES;
				CLANG_WARN_OBJC_ROOT_CLASS = YES_ERROR;
				CLANG_WARN_UNREACHABLE_CODE = YES;
				CLANG_WARN__DUPLICATE_METHOD_MATCH = YES;
				"CODE_SIGN_IDENTITY[sdk=iphoneos*]" = "iPhone Developer";
				COPY_PHASE_STRIP = NO;
				DEBUG_INFORMATION_FORMAT = "dwarf-with-dsym";
				ENABLE_NS_ASSERTIONS = NO;
				ENABLE_STRICT_OBJC_MSGSEND = YES;
				GCC_C_LANGUAGE_STANDARD = gnu99;
				GCC_NO_COMMON_BLOCKS = YES;
				GCC_WARN_64_TO_32_BIT_CONVERSION = YES;
				GCC_WARN_ABOUT_RETURN_TYPE = YES_ERROR;
				GCC_WARN_UNDECLARED_SELECTOR = YES;
				GCC_WARN_UNINITIALIZED_AUTOS = YES_AGGRESSIVE;
				GCC_WARN_UNUSED_FUNCTION = YES;
				GCC_WARN_UNUSED_VARIABLE = YES;
				IPHONEOS_DEPLOYMENT_TARGET = 9.1;
				MTL_ENABLE_DEBUG_INFO = NO;
				SDKROOT = iphoneos;
				TARGETED_DEVICE_FAMILY = "1,2";
				VALIDATE_PRODUCT = YES;
			};
			name = Release;
		};
		6202F7231C9AEA6A00ACC012 /* Debug */ = {
			isa = XCBuildConfiguration;
			buildSettings = {
				ASSETCATALOG_COMPILER_APPICON_NAME = AppIcon;
				INFOPLIST_FILE = SuperCool/Info.plist;
				LD_RUNPATH_SEARCH_PATHS = "$(inherited) @executable_path/Frameworks";
				PRODUCT_BUNDLE_IDENTIFIER = eiriknet.SuperCool;
				PRODUCT_NAME = "$(TARGET_NAME)";
			};
			name = Debug;
		};
		6202F7241C9AEA6A00ACC012 /* Release */ = {
			isa = XCBuildConfiguration;
			buildSettings = {
				ASSETCATALOG_COMPILER_APPICON_NAME = AppIcon;
				INFOPLIST_FILE = SuperCool/Info.plist;
				LD_RUNPATH_SEARCH_PATHS = "$(inherited) @executable_path/Frameworks";
				PRODUCT_BUNDLE_IDENTIFIER = eiriknet.SuperCool;
				PRODUCT_NAME = "$(TARGET_NAME)";
			};
			name = Release;
		};
/* End XCBuildConfiguration section */

/* Begin XCConfigurationList section */
		6202F70B1C9AEA6A00ACC012 /* Build configuration list for PBXProject "SuperCool" */ = {
			isa = XCConfigurationList;
			buildConfigurations = (
				6202F7201C9AEA6A00ACC012 /* Debug */,
				6202F7211C9AEA6A00ACC012 /* Release */,
			);
			defaultConfigurationIsVisible = 0;
			defaultConfigurationName = Release;
		};
		6202F7221C9AEA6A00ACC012 /* Build configuration list for PBXNativeTarget "SuperCool" */ = {
			isa = XCConfigurationList;
			buildConfigurations = (
				6202F7231C9AEA6A00ACC012 /* Debug */,
				6202F7241C9AEA6A00ACC012 /* Release */,
			);
			defaultConfigurationIsVisible = 0;
		};
/* End XCConfigurationList section */
	};
	rootObject = 6202F7081C9AEA6A00ACC012 /* Project object */;
}
